<?xml version="1.0" encoding="utf-8"?>
<Project ToolsVersion="4.0" xmlns="http://schemas.microsoft.com/developer/msbuild/2003">
  <ItemGroup>
    <Filter Include="Arquivos de Origem">
      <UniqueIdentifier>{4FC737F1-C7A5-4376-A066-2A32D752A2FF}</UniqueIdentifier>
      <Extensions>cpp;c;cc;cxx;c++;cppm;ixx;def;odl;idl;hpj;bat;asm;asmx</Extensions>
    </Filter>
    <Filter Include="Arquivos de Cabeçalho">
      <UniqueIdentifier>{93995380-89BD-4b04-88EB-625FBE52EBFB}</UniqueIdentifier>
      <Extensions>h;hh;hpp;hxx;h++;hm;inl;inc;ipp;xsd</Extensions>
    </Filter>
    <Filter Include="Arquivos de Recurso">
      <UniqueIdentifier>{67DA6AB6-F800-4c08-8B7A-83BB121AAD01}</UniqueIdentifier>
      <Extensions>rc;ico;cur;bmp;dlg;rc2;rct;bin;rgs;gif;jpg;jpeg;jpe;resx;tiff;tif;png;wav;mfcribbon-ms</Extensions>
    </Filter>
  </ItemGroup>
  <ItemGroup>
    <ClCompile Include="GameProject.cpp">
      <Filter>Arquivos de Origem</Filter>
    </ClCompile>
    <ClCompile Include="Player.cpp">
      <Filter>Arquivos de Origem</Filter>
    </ClCompile>
    <ClCompile Include="Missile.cpp">
      <Filter>Arquivos de Origem</Filter>
    </ClCompile>
    <ClCompile Include="Loner.cpp">
      <Filter>Arquivos de Origem</Filter>
    </ClCompile>
    <ClCompile Include="Rusher.cpp">
      <Filter>Arquivos de Origem</Filter>
    </ClCompile>
    <ClCompile Include="explo.cpp">
      <Filter>Arquivos de Origem</Filter>
    </ClCompile>
    <ClCompile Include="XenonLevel.cpp">
      <Filter>Arquivos de Origem</Filter>
    </ClCompile>
    <ClCompile Include="EnemyMissile.cpp">
      <Filter>Arquivos de Origem</Filter>
    </ClCompile>
    <ClCompile Include="FriendlyMissile.cpp">
      <Filter>Arquivos de Origem</Filter>
    </ClCompile>
    <ClCompile Include="Enemy.cpp">
      <Filter>Arquivos de Origem</Filter>
    </ClCompile>
    <ClCompile Include="Wall.cpp">
      <Filter>Arquivos de Origem</Filter>
    </ClCompile>
    <ClCompile Include="Collectibles.cpp">
      <Filter>Arquivos de Origem</Filter>
    </ClCompile>
  </ItemGroup>
  <ItemGroup>
    <Image Include="graphics\bblogo.bmp">
      <Filter>Arquivos de Recurso</Filter>
    </Image>
    <Image Include="graphics\Blocks.bmp">
      <Filter>Arquivos de Recurso</Filter>
    </Image>
    <Image Include="graphics\bosseyes2.bmp">
      <Filter>Arquivos de Recurso</Filter>
    </Image>
    <Image Include="graphics\Burner1.bmp">
      <Filter>Arquivos de Recurso</Filter>
    </Image>
    <Image Include="graphics\Burner2.bmp">
      <Filter>Arquivos de Recurso</Filter>
    </Image>
    <Image Include="graphics\Burner3.bmp">
      <Filter>Arquivos de Recurso</Filter>
    </Image>
    <Image Include="graphics\Burner4.bmp">
      <Filter>Arquivos de Recurso</Filter>
    </Image>
    <Image Include="graphics\Burner5.bmp">
      <Filter>Arquivos de Recurso</Filter>
    </Image>
    <Image Include="graphics\Burner6.bmp">
      <Filter>Arquivos de Recurso</Filter>
    </Image>
    <Image Include="graphics\clone.bmp">
      <Filter>Arquivos de Recurso</Filter>
    </Image>
    <Image Include="graphics\clonejet.bmp">
      <Filter>Arquivos de Recurso</Filter>
    </Image>
    <Image Include="graphics\destroyable.bmp">
      <Filter>Arquivos de Recurso</Filter>
    </Image>
    <Image Include="graphics\drone.bmp">
      <Filter>Arquivos de Recurso</Filter>
    </Image>
    <Image Include="graphics\EnWeap6.bmp">
      <Filter>Arquivos de Recurso</Filter>
    </Image>
    <Image Include="graphics\explode16.bmp">
      <Filter>Arquivos de Recurso</Filter>
    </Image>
    <Image Include="graphics\explode32.bmp">
      <Filter>Arquivos de Recurso</Filter>
    </Image>
    <Image Include="graphics\explode64.bmp">
      <Filter>Arquivos de Recurso</Filter>
    </Image>
    <Image Include="graphics\Font8x8.bmp">
      <Filter>Arquivos de Recurso</Filter>
    </Image>
    <Image Include="graphics\font16x16.bmp">
      <Filter>Arquivos de Recurso</Filter>
    </Image>
    <Image Include="graphics\galaxy2.bmp">
      <Filter>Arquivos de Recurso</Filter>
    </Image>
    <Image Include="graphics\GAster32.bmp">
      <Filter>Arquivos de Recurso</Filter>
    </Image>
    <Image Include="graphics\GAster64.bmp">
      <Filter>Arquivos de Recurso</Filter>
    </Image>
    <Image Include="graphics\GAster96.bmp">
      <Filter>Arquivos de Recurso</Filter>
    </Image>
    <Image Include="graphics\GDust.bmp">
      <Filter>Arquivos de Recurso</Filter>
    </Image>
    <Image Include="graphics\GShoot.bmp">
      <Filter>Arquivos de Recurso</Filter>
    </Image>
    <Image Include="graphics\hmissile.bmp">
      <Filter>Arquivos de Recurso</Filter>
    </Image>
    <Image Include="graphics\Homing.bmp">
      <Filter>Arquivos de Recurso</Filter>
    </Image>
    <Image Include="graphics\HomProjc.bmp">
      <Filter>Arquivos de Recurso</Filter>
    </Image>
    <Image Include="graphics\logo.bmp">
      <Filter>Arquivos de Recurso</Filter>
    </Image>
    <Image Include="graphics\LonerA.bmp">
      <Filter>Arquivos de Recurso</Filter>
    </Image>
    <Image Include="graphics\LonerB.bmp">
      <Filter>Arquivos de Recurso</Filter>
    </Image>
    <Image Include="graphics\LonerC.bmp">
      <Filter>Arquivos de Recurso</Filter>
    </Image>
    <Image Include="graphics\MAster32.bmp">
      <Filter>Arquivos de Recurso</Filter>
    </Image>
    <Image Include="graphics\MAster64.bmp">
      <Filter>Arquivos de Recurso</Filter>
    </Image>
    <Image Include="graphics\MAster96.bmp">
      <Filter>Arquivos de Recurso</Filter>
    </Image>
    <Image Include="graphics\MDust.bmp">
      <Filter>Arquivos de Recurso</Filter>
    </Image>
    <Image Include="graphics\missile.bmp">
      <Filter>Arquivos de Recurso</Filter>
    </Image>
    <Image Include="graphics\pcflogo.bmp">
      <Filter>Arquivos de Recurso</Filter>
    </Image>
    <Image Include="graphics\PCFlogo1.bmp">
      <Filter>Arquivos de Recurso</Filter>
    </Image>
    <Image Include="graphics\PCFlogo2.bmp">
      <Filter>Arquivos de Recurso</Filter>
    </Image>
    <Image Include="graphics\playerjet.bmp">
      <Filter>Arquivos de Recurso</Filter>
    </Image>
    <Image Include="graphics\pod.bmp">
      <Filter>Arquivos de Recurso</Filter>
    </Image>
    <Image Include="graphics\PUDive.bmp">
      <Filter>Arquivos de Recurso</Filter>
    </Image>
    <Image Include="graphics\PUInvuln.bmp">
      <Filter>Arquivos de Recurso</Filter>
    </Image>
    <Image Include="graphics\PULaser.bmp">
      <Filter>Arquivos de Recurso</Filter>
    </Image>
    <Image Include="graphics\PULife.bmp">
      <Filter>Arquivos de Recurso</Filter>
    </Image>
    <Image Include="graphics\PUMissil.bmp">
      <Filter>Arquivos de Recurso</Filter>
    </Image>
    <Image Include="graphics\PUScore.bmp">
      <Filter>Arquivos de Recurso</Filter>
    </Image>
    <Image Include="graphics\PUShield.bmp">
      <Filter>Arquivos de Recurso</Filter>
    </Image>
    <Image Include="graphics\PUSpeed.bmp">
      <Filter>Arquivos de Recurso</Filter>
    </Image>
    <Image Include="graphics\PUWeapon.bmp">
      <Filter>Arquivos de Recurso</Filter>
    </Image>
    <Image Include="graphics\retros.bmp">
      <Filter>Arquivos de Recurso</Filter>
    </Image>
    <Image Include="graphics\rusher.bmp">
      <Filter>Arquivos de Recurso</Filter>
    </Image>
    <Image Include="graphics\SAster32.bmp">
      <Filter>Arquivos de Recurso</Filter>
    </Image>
    <Image Include="graphics\SAster64.bmp">
      <Filter>Arquivos de Recurso</Filter>
    </Image>
    <Image Include="graphics\SAster96.bmp">
      <Filter>Arquivos de Recurso</Filter>
    </Image>
    <Image Include="graphics\SDust.bmp">
      <Filter>Arquivos de Recurso</Filter>
    </Image>
    <Image Include="graphics\Ship1.bmp">
      <Filter>Arquivos de Recurso</Filter>
    </Image>
    <Image Include="graphics\Ship2.bmp">
      <Filter>Arquivos de Recurso</Filter>
    </Image>
    <Image Include="graphics\smoke.bmp">
      <Filter>Arquivos de Recurso</Filter>
    </Image>
    <Image Include="graphics\spinners.bmp">
      <Filter>Arquivos de Recurso</Filter>
    </Image>
    <Image Include="graphics\SporesA.bmp">
      <Filter>Arquivos de Recurso</Filter>
    </Image>
    <Image Include="graphics\SporesB.bmp">
      <Filter>Arquivos de Recurso</Filter>
    </Image>
    <Image Include="graphics\SporesC.bmp">
      <Filter>Arquivos de Recurso</Filter>
    </Image>
    <Image Include="graphics\SporesD.bmp">
      <Filter>Arquivos de Recurso</Filter>
    </Image>
    <Image Include="graphics\wallhugger.bmp">
      <Filter>Arquivos de Recurso</Filter>
    </Image>
    <Image Include="graphics\Wingtip.bmp">
      <Filter>Arquivos de Recurso</Filter>
    </Image>
    <Image Include="graphics\Xlogo.bmp">
      <Filter>Arquivos de Recurso</Filter>
    </Image>
  </ItemGroup>
  <ItemGroup>
    <None Include="graphics\Thumbs.db" />
  </ItemGroup>
  <ItemGroup>
    <ClInclude Include="Player.h">
      <Filter>Arquivos de Cabeçalho</Filter>
    </ClInclude>
    <ClInclude Include="Missile.h">
      <Filter>Arquivos de Cabeçalho</Filter>
    </ClInclude>
    <ClInclude Include="Loner.h">
      <Filter>Arquivos de Cabeçalho</Filter>
    </ClInclude>
    <ClInclude Include="Rusher.h">
      <Filter>Arquivos de Cabeçalho</Filter>
    </ClInclude>
    <ClInclude Include="explo.h">
      <Filter>Arquivos de Cabeçalho</Filter>
    </ClInclude>
    <ClInclude Include="XenonLevel.h">
      <Filter>Arquivos de Cabeçalho</Filter>
    </ClInclude>
    <ClInclude Include="EnemyMissile.h">
      <Filter>Arquivos de Cabeçalho</Filter>
    </ClInclude>
    <ClInclude Include="FriendlyMissile.h">
      <Filter>Arquivos de Cabeçalho</Filter>
    </ClInclude>
    <ClInclude Include="Enemy.h">
      <Filter>Arquivos de Cabeçalho</Filter>
    </ClInclude>
    <ClInclude Include="Wall.h">
      <Filter>Arquivos de Cabeçalho</Filter>
    </ClInclude>
    <ClInclude Include="Collectibles.h">
      <Filter>Arquivos de Cabeçalho</Filter>
    </ClInclude>
  </ItemGroup>
</Project>